
Microsoft Visual Studio Solution File, Format Version 12.00
# Visual Studio Version 17
VisualStudioVersion = 17.4.33213.308
MinimumVisualStudioVersion = 10.0.40219.1
Project("{FAE04EC0-301F-11D3-BF4B-00C04F79EFBC}") = "SistemaDeClientes", "SistemaDeClientes\SistemaDeClientes.csproj", "{23FE6950-34B9-41DB-A76B-F56490AFAACE}"
EndProject
Global
	GlobalSection(SolutionConfigurationPlatforms) = preSolution
		Debug|Any CPU = Debug|Any CPU
		Release|Any CPU = Release|Any CPU
	EndGlobalSection
	GlobalSection(ProjectConfigurationPlatforms) = postSolution
		{23FE6950-34B9-41DB-A76B-F56490AFAACE}.Debug|Any CPU.ActiveCfg = Debug|Any CPU
		{23FE6950-34B9-41DB-A76B-F56490AFAACE}.Debug|Any CPU.Build.0 = Debug|Any CPU
		{23FE6950-34B9-41DB-A76B-F56490AFAACE}.Release|Any CPU.ActiveCfg = Release|Any CPU
		{23FE6950-34B9-41DB-A76B-F56490AFAACE}.Release|Any CPU.Build.0 = Release|Any CPU
	EndGlobalSection
	GlobalSection(SolutionProperties) = preSolution
		HideSolutionNode = FALSE
	EndGlobalSection
	GlobalSection(ExtensibilityGlobals) = postSolution
		SolutionGuid = {1BB19D8A-87BF-4A2B-8261-58B073679CBB}
	EndGlobalSection
EndGlobal
